
Microsoft Visual Studio Solution File, Format Version 12.00
# Visual Studio Version 17
VisualStudioVersion = 17.7.34031.279
MinimumVisualStudioVersion = 10.0.40219.1
Project("{FAE04EC0-301F-11D3-BF4B-00C04F79EFBC}") = "GA_Class_StephanieLopez", "GA_Class_StephanieLopez.csproj", "{ED6A2FAA-F7D0-4EDD-9278-E3C8012E3F1D}"
EndProject
Global
	GlobalSection(SolutionConfigurationPlatforms) = preSolution
		Debug|Any CPU = Debug|Any CPU
		Release|Any CPU = Release|Any CPU
	EndGlobalSection
	GlobalSection(ProjectConfigurationPlatforms) = postSolution
		{ED6A2FAA-F7D0-4EDD-9278-E3C8012E3F1D}.Debug|Any CPU.ActiveCfg = Debug|Any CPU
		{ED6A2FAA-F7D0-4EDD-9278-E3C8012E3F1D}.Debug|Any CPU.Build.0 = Debug|Any CPU
		{ED6A2FAA-F7D0-4EDD-9278-E3C8012E3F1D}.Release|Any CPU.ActiveCfg = Release|Any CPU
		{ED6A2FAA-F7D0-4EDD-9278-E3C8012E3F1D}.Release|Any CPU.Build.0 = Release|Any CPU
	EndGlobalSection
	GlobalSection(SolutionProperties) = preSolution
		HideSolutionNode = FALSE
	EndGlobalSection
	GlobalSection(ExtensibilityGlobals) = postSolution
		SolutionGuid = {12796480-6DDF-4EDF-8B34-8DF7E57C9F4C}
	EndGlobalSection
EndGlobal
